{
    "_readme": [
        "This file locks the dependencies of your project to a known state",
        "Read more about it at https://getcomposer.org/doc/01-basic-usage.md#composer-lock-the-lock-file",
        "This file is @generated automatically"
    ],
    "hash": "b764ffb96422294395972976903a6b96",
    "content-hash": "755e08f70d2d50461a0b1dc420b3d7e2",
    "packages": [
        {
            "name": "wordpress-phoenix/abstract-plugin-base",
            "version": "2.5.1",
            "source": {
                "type": "git",
                "url": "https://github.com/WordPress-Phoenix/abstract-plugin-base.git",
                "reference": "bbf7c75b25944a2b6ae0b9dd5a6b4555a83bd329"
            },
            "dist": {
                "type": "zip",
                "url": "https://api.github.com/repos/WordPress-Phoenix/abstract-plugin-base/zipball/bbf7c75b25944a2b6ae0b9dd5a6b4555a83bd329",
                "reference": "bbf7c75b25944a2b6ae0b9dd5a6b4555a83bd329",
                "shasum": ""
            },
            "type": "library",
            "autoload": {
                "classmap": {
                    "classmap": [
                        "src/abstract-plugin.php"
                    ]
                }
            },
            "notification-url": "https://packagist.org/downloads/",
            "license": [
                "GPL-v3"
            ],
            "authors": [
                {
                    "name": "Seth Carstens",
                    "email": "seth.carstens@gmail.com",
                    "homepage": "http://github.com/scarstens",
                    "role": "Developer"
                }
            ],
            "description": "PHP class to extend when building a WordPress plugin allowing you to follow smart plugin setup standards.",
            "homepage": "https://github.com/WordPress-Phoenix/abstract-plugin-base",
            "keywords": [
                "abstract",
                "boilerplate",
                "plugin",
                "standardize",
                "wordpress"
            ],
            "time": "2017-07-28 03:22:52"
        }
    ],
    "packages-dev": [],
    "aliases": [],
    "minimum-stability": "stable",
    "stability-flags": [],
    "prefer-stable": false,
    "prefer-lowest": false,
    "platform": [],
    "platform-dev": []
}
